#MicroXplorer Configuration settings - do not modify
ADC1.Channel-0\#ChannelRegularConversion=ADC_CHANNEL_6
ADC1.ClockPrescaler=ADC_CLOCK_ASYNC_DIV1
ADC1.EnableInjectedConversion=ENABLE
ADC1.ExternalTrigInjecConv=ADC_EXTERNALTRIGINJEC_T1_CC4
ADC1.ExternalTrigInjecConvEdge=ADC_EXTERNALTRIGINJECCONV_EDGE_FALLING
ADC1.IPParameters=Rank-0\#ChannelRegularConversion,Channel-0\#ChannelRegularConversion,SamplingTime-0\#ChannelRegularConversion,OffsetNumber-0\#ChannelRegularConversion,OffsetSignedSaturation-0\#ChannelRegularConversion,NbrOfConversionFlag,master,ClockPrescaler,EnableInjectedConversion,InjectedRank-1\#ChannelInjectedConversion,InjectedChannel-1\#ChannelInjectedConversion,InjectedSamplingTime-1\#ChannelInjectedConversion,InjectedOffsetNumber-1\#ChannelInjectedConversion,InjectedOffsetSignedSaturation-1\#ChannelInjectedConversion,InjectedOffsetSaturation-1\#ChannelInjectedConversion,InjectedRank-2\#ChannelInjectedConversion,InjectedChannel-2\#ChannelInjectedConversion,InjectedSamplingTime-2\#ChannelInjectedConversion,InjectedOffsetNumber-2\#ChannelInjectedConversion,InjectedOffsetSignedSaturation-2\#ChannelInjectedConversion,InjectedOffsetSaturation-2\#ChannelInjectedConversion,InjectedRank-3\#ChannelInjectedConversion,InjectedChannel-3\#ChannelInjectedConversion,InjectedSamplingTime-3\#ChannelInjectedConversion,InjectedOffsetNumber-3\#ChannelInjectedConversion,InjectedOffsetSignedSaturation-3\#ChannelInjectedConversion,InjectedOffsetSaturation-3\#ChannelInjectedConversion,InjNumberOfConversion,ExternalTrigInjecConv,ExternalTrigInjecConvEdge
ADC1.InjNumberOfConversion=3
ADC1.InjectedChannel-1\#ChannelInjectedConversion=ADC_CHANNEL_6
ADC1.InjectedChannel-2\#ChannelInjectedConversion=ADC_CHANNEL_7
ADC1.InjectedChannel-3\#ChannelInjectedConversion=ADC_CHANNEL_8
ADC1.InjectedOffsetNumber-1\#ChannelInjectedConversion=ADC_OFFSET_NONE
ADC1.InjectedOffsetNumber-2\#ChannelInjectedConversion=ADC_OFFSET_NONE
ADC1.InjectedOffsetNumber-3\#ChannelInjectedConversion=ADC_OFFSET_NONE
ADC1.InjectedOffsetSaturation-1\#ChannelInjectedConversion=DISABLE
ADC1.InjectedOffsetSaturation-2\#ChannelInjectedConversion=DISABLE
ADC1.InjectedOffsetSaturation-3\#ChannelInjectedConversion=DISABLE
ADC1.InjectedOffsetSignedSaturation-1\#ChannelInjectedConversion=DISABLE
ADC1.InjectedOffsetSignedSaturation-2\#ChannelInjectedConversion=DISABLE
ADC1.InjectedOffsetSignedSaturation-3\#ChannelInjectedConversion=DISABLE
ADC1.InjectedRank-1\#ChannelInjectedConversion=1
ADC1.InjectedRank-2\#ChannelInjectedConversion=2
ADC1.InjectedRank-3\#ChannelInjectedConversion=3
ADC1.InjectedSamplingTime-1\#ChannelInjectedConversion=ADC_SAMPLETIME_2CYCLES_5
ADC1.InjectedSamplingTime-2\#ChannelInjectedConversion=ADC_SAMPLETIME_2CYCLES_5
ADC1.InjectedSamplingTime-3\#ChannelInjectedConversion=ADC_SAMPLETIME_2CYCLES_5
ADC1.NbrOfConversionFlag=1
ADC1.OffsetNumber-0\#ChannelRegularConversion=ADC_OFFSET_NONE
ADC1.OffsetSignedSaturation-0\#ChannelRegularConversion=DISABLE
ADC1.Rank-0\#ChannelRegularConversion=1
ADC1.SamplingTime-0\#ChannelRegularConversion=ADC_SAMPLETIME_1CYCLE_5
ADC1.master=1
CAD.formats=
CAD.pinconfig=
CAD.provider=
CORTEX_M7.IPParameters=default_mode_Activation
CORTEX_M7.default_mode_Activation=1
Dma.Request0=USART1_RX
Dma.Request1=USART1_TX
Dma.RequestsNb=2
Dma.USART1_RX.0.Direction=DMA_PERIPH_TO_MEMORY
Dma.USART1_RX.0.EventEnable=DISABLE
Dma.USART1_RX.0.FIFOMode=DMA_FIFOMODE_ENABLE
Dma.USART1_RX.0.FIFOThreshold=DMA_FIFO_THRESHOLD_FULL
Dma.USART1_RX.0.Instance=DMA1_Stream0
Dma.USART1_RX.0.MemBurst=DMA_MBURST_SINGLE
Dma.USART1_RX.0.MemDataAlignment=DMA_MDATAALIGN_BYTE
Dma.USART1_RX.0.MemInc=DMA_MINC_ENABLE
Dma.USART1_RX.0.Mode=DMA_NORMAL
Dma.USART1_RX.0.PeriphBurst=DMA_PBURST_SINGLE
Dma.USART1_RX.0.PeriphDataAlignment=DMA_PDATAALIGN_BYTE
Dma.USART1_RX.0.PeriphInc=DMA_PINC_DISABLE
Dma.USART1_RX.0.Polarity=HAL_DMAMUX_REQ_GEN_RISING
Dma.USART1_RX.0.Priority=DMA_PRIORITY_LOW
Dma.USART1_RX.0.RequestNumber=1
Dma.USART1_RX.0.RequestParameters=Instance,Direction,PeriphInc,MemInc,PeriphDataAlignment,MemDataAlignment,Mode,Priority,FIFOMode,FIFOThreshold,MemBurst,PeriphBurst,SignalID,Polarity,RequestNumber,SyncSignalID,SyncPolarity,SyncEnable,EventEnable,SyncRequestNumber
Dma.USART1_RX.0.SignalID=NONE
Dma.USART1_RX.0.SyncEnable=DISABLE
Dma.USART1_RX.0.SyncPolarity=HAL_DMAMUX_SYNC_NO_EVENT
Dma.USART1_RX.0.SyncRequestNumber=1
Dma.USART1_RX.0.SyncSignalID=NONE
Dma.USART1_TX.1.Direction=DMA_MEMORY_TO_PERIPH
Dma.USART1_TX.1.EventEnable=DISABLE
Dma.USART1_TX.1.FIFOMode=DMA_FIFOMODE_ENABLE
Dma.USART1_TX.1.FIFOThreshold=DMA_FIFO_THRESHOLD_FULL
Dma.USART1_TX.1.Instance=DMA1_Stream1
Dma.USART1_TX.1.MemBurst=DMA_MBURST_SINGLE
Dma.USART1_TX.1.MemDataAlignment=DMA_MDATAALIGN_BYTE
Dma.USART1_TX.1.MemInc=DMA_MINC_ENABLE
Dma.USART1_TX.1.Mode=DMA_NORMAL
Dma.USART1_TX.1.PeriphBurst=DMA_PBURST_SINGLE
Dma.USART1_TX.1.PeriphDataAlignment=DMA_PDATAALIGN_BYTE
Dma.USART1_TX.1.PeriphInc=DMA_PINC_DISABLE
Dma.USART1_TX.1.Polarity=HAL_DMAMUX_REQ_GEN_RISING
Dma.USART1_TX.1.Priority=DMA_PRIORITY_LOW
Dma.USART1_TX.1.RequestNumber=1
Dma.USART1_TX.1.RequestParameters=Instance,Direction,PeriphInc,MemInc,PeriphDataAlignment,MemDataAlignment,Mode,Priority,FIFOMode,FIFOThreshold,MemBurst,PeriphBurst,SignalID,Polarity,RequestNumber,SyncSignalID,SyncPolarity,SyncEnable,EventEnable,SyncRequestNumber
Dma.USART1_TX.1.SignalID=NONE
Dma.USART1_TX.1.SyncEnable=DISABLE
Dma.USART1_TX.1.SyncPolarity=HAL_DMAMUX_SYNC_NO_EVENT
Dma.USART1_TX.1.SyncRequestNumber=1
Dma.USART1_TX.1.SyncSignalID=NONE
File.Version=6
GPIO.groupedBy=Group By Peripherals
KeepUserPlacement=false
Mcu.CPN=STM32H723ZGT6
Mcu.Family=STM32H7
Mcu.IP0=ADC1
Mcu.IP1=CORTEX_M7
Mcu.IP2=DMA
Mcu.IP3=NVIC
Mcu.IP4=OCTOSPI1
Mcu.IP5=RCC
Mcu.IP6=SPI6
Mcu.IP7=SYS
Mcu.IP8=TIM1
Mcu.IP9=USART1
Mcu.IPNb=10
Mcu.Name=STM32H723ZGTx
Mcu.Package=LQFP144
Mcu.Pin0=PF6
Mcu.Pin1=PF7
Mcu.Pin10=PB1
Mcu.Pin11=PF12
Mcu.Pin12=PE8
Mcu.Pin13=PE9
Mcu.Pin14=PE11
Mcu.Pin15=PE13
Mcu.Pin16=PG6
Mcu.Pin17=PG7
Mcu.Pin18=PG8
Mcu.Pin19=PA9
Mcu.Pin2=PF8
Mcu.Pin20=PA10
Mcu.Pin21=PG12
Mcu.Pin22=PG13
Mcu.Pin23=PG14
Mcu.Pin24=PG15
Mcu.Pin25=VP_OCTOSPI1_VS_quad
Mcu.Pin26=VP_SYS_VS_Systick
Mcu.Pin27=VP_TIM1_VS_no_output4
Mcu.Pin3=PF9
Mcu.Pin4=PF10
Mcu.Pin5=PH0-OSC_IN
Mcu.Pin6=PH1-OSC_OUT
Mcu.Pin7=PA7
Mcu.Pin8=PC5
Mcu.Pin9=PB0
Mcu.PinsNb=28
Mcu.ThirdPartyNb=0
Mcu.UserConstants=CTL_PERIOD,550000000/CTL_FREQUENCY;CTL_FREQUENCY,20000
Mcu.UserName=STM32H723ZGTx
MxCube.Version=6.11.0
MxDb.Version=DB.6.0.110
NVIC.BusFault_IRQn=true\:0\:0\:false\:false\:true\:false\:false\:false
NVIC.DMA1_Stream0_IRQn=true\:1\:0\:true\:true\:true\:3\:false\:true\:true
NVIC.DMA1_Stream1_IRQn=true\:1\:0\:true\:true\:true\:2\:false\:true\:true
NVIC.DebugMonitor_IRQn=true\:0\:0\:false\:false\:true\:false\:false\:false
NVIC.ForceEnableDMAVector=true
NVIC.HardFault_IRQn=true\:0\:0\:false\:false\:true\:false\:false\:false
NVIC.MemoryManagement_IRQn=true\:0\:0\:false\:false\:true\:false\:false\:false
NVIC.NonMaskableInt_IRQn=true\:0\:0\:false\:false\:true\:false\:false\:false
NVIC.PendSV_IRQn=true\:0\:0\:false\:false\:true\:false\:false\:false
NVIC.PriorityGroup=NVIC_PRIORITYGROUP_4
NVIC.SVCall_IRQn=true\:0\:0\:false\:false\:true\:false\:false\:false
NVIC.SysTick_IRQn=true\:15\:0\:false\:false\:true\:false\:true\:false
NVIC.USART1_IRQn=true\:1\:0\:true\:true\:true\:1\:false\:true\:true
NVIC.UsageFault_IRQn=true\:0\:0\:false\:false\:true\:false\:false\:false
OCTOSPI1.ClockMode=HAL_OSPI_CLOCK_MODE_3
OCTOSPI1.ClockPrescaler=2
OCTOSPI1.DeviceSize=23
OCTOSPI1.FifoThreshold=8
OCTOSPI1.IPParameters=FifoThreshold,DeviceSize,ClockMode,ClockPrescaler,SampleShifting
OCTOSPI1.SampleShifting=HAL_OSPI_SAMPLE_SHIFTING_HALFCYCLE
PA10.Locked=true
PA10.Mode=Asynchronous
PA10.Signal=USART1_RX
PA7.Signal=ADCx_INP7
PA9.Locked=true
PA9.Mode=Asynchronous
PA9.Signal=USART1_TX
PB0.Mode=PWM Generation2 CH2 CH2N
PB0.Signal=TIM1_CH2N
PB1.Mode=PWM Generation3 CH3 CH3N
PB1.Signal=TIM1_CH3N
PC5.Signal=ADCx_INP8
PE11.Signal=S_TIM1_CH2
PE13.Signal=S_TIM1_CH3
PE8.Mode=PWM Generation1 CH1 CH1N
PE8.Signal=TIM1_CH1N
PE9.Signal=S_TIM1_CH1
PF10.Mode=O1_P1_CLK
PF10.Signal=OCTOSPIM_P1_CLK
PF12.Mode=IN6-Single-Ended
PF12.Signal=ADC1_INP6
PF6.Mode=OCTOSPI1_IOL_Port1L
PF6.Signal=OCTOSPIM_P1_IO3
PF7.Locked=true
PF7.Mode=OCTOSPI1_IOL_Port1L
PF7.Signal=OCTOSPIM_P1_IO2
PF8.Mode=OCTOSPI1_IOL_Port1L
PF8.Signal=OCTOSPIM_P1_IO0
PF9.Mode=OCTOSPI1_IOL_Port1L
PF9.Signal=OCTOSPIM_P1_IO1
PG12.GPIOParameters=GPIO_Label
PG12.GPIO_Label=LCD_Backlight_Pin
PG12.Locked=true
PG12.Signal=GPIO_Output
PG13.Locked=true
PG13.Mode=TX_Only_Simplex_Unidirect_Master
PG13.Signal=SPI6_SCK
PG14.Mode=TX_Only_Simplex_Unidirect_Master
PG14.Signal=SPI6_MOSI
PG15.GPIOParameters=GPIO_Label
PG15.GPIO_Label=LCD_DC_Pin
PG15.Locked=true
PG15.Signal=GPIO_Output
PG6.Locked=true
PG6.Mode=OCTOSPI1_Port1_NCS
PG6.Signal=OCTOSPIM_P1_NCS
PG7.GPIOParameters=GPIO_Label
PG7.GPIO_Label=LED1
PG7.Locked=true
PG7.Signal=GPIO_Output
PG8.Locked=true
PG8.Mode=NSS_Signal_Hard_Output
PG8.Signal=SPI6_NSS
PH0-OSC_IN.Mode=HSE-External-Oscillator
PH0-OSC_IN.Signal=RCC_OSC_IN
PH1-OSC_OUT.Mode=HSE-External-Oscillator
PH1-OSC_OUT.Signal=RCC_OSC_OUT
PinOutPanel.RotationAngle=0
ProjectManager.AskForMigrate=true
ProjectManager.BackupPrevious=false
ProjectManager.CompilerOptimize=6
ProjectManager.ComputerToolchain=false
ProjectManager.CoupleFile=true
ProjectManager.CustomerFirmwarePackage=
ProjectManager.DefaultFWLocation=true
ProjectManager.DeletePrevious=true
ProjectManager.DeviceId=STM32H723ZGTx
ProjectManager.FirmwarePackage=STM32Cube FW_H7 V1.11.2
ProjectManager.FreePins=false
ProjectManager.HalAssertFull=false
ProjectManager.HeapSize=0x200
ProjectManager.KeepUserCode=true
ProjectManager.LastFirmware=true
ProjectManager.LibraryCopy=0
ProjectManager.MainLocation=Core/Src
ProjectManager.NoMain=false
ProjectManager.PreviousToolchain=
ProjectManager.ProjectBuild=false
ProjectManager.ProjectFileName=project.ioc
ProjectManager.ProjectName=project
ProjectManager.ProjectStructure=
ProjectManager.RegisterCallBack=
ProjectManager.StackSize=0x400
ProjectManager.TargetToolchain=CMake
ProjectManager.ToolChainLocation=
ProjectManager.UAScriptAfterPath=
ProjectManager.UAScriptBeforePath=
ProjectManager.UnderRoot=false
ProjectManager.functionlistsort=1-SystemClock_Config-RCC-false-HAL-false,2-MX_GPIO_Init-GPIO-false-HAL-true,3-MX_DMA_Init-DMA-false-HAL-true,4-MX_ADC1_Init-ADC1-false-HAL-true,5-MX_OCTOSPI1_Init-OCTOSPI1-false-HAL-true,6-MX_SPI6_Init-SPI6-false-HAL-true,7-MX_USART1_UART_Init-USART1-false-HAL-true,8-MX_TIM1_Init-TIM1-false-HAL-true,0-MX_CORTEX_M7_Init-CORTEX_M7-false-HAL-true
RCC.ADCFreq_Value=96000000
RCC.AHB12Freq_Value=275000000
RCC.AHB4Freq_Value=275000000
RCC.APB1Freq_Value=137500000
RCC.APB2Freq_Value=137500000
RCC.APB3Freq_Value=137500000
RCC.APB4Freq_Value=137500000
RCC.AXIClockFreq_Value=275000000
RCC.CECFreq_Value=32000
RCC.CKPERFreq_Value=64000000
RCC.CortexFreq_Value=550000000
RCC.CpuClockFreq_Value=550000000
RCC.D1CPREFreq_Value=550000000
RCC.D1PPRE=RCC_APB3_DIV2
RCC.D2PPRE1=RCC_APB1_DIV2
RCC.D2PPRE2=RCC_APB2_DIV2
RCC.D3PPRE=RCC_APB4_DIV2
RCC.DFSDMACLkFreq_Value=275000000
RCC.DFSDMFreq_Value=137500000
RCC.DIVM1=4
RCC.DIVM2=4
RCC.DIVN1=34
RCC.DIVN2=12
RCC.DIVP1=1
RCC.DIVP1Freq_Value=550000000
RCC.DIVP2Freq_Value=96000000
RCC.DIVP3Freq_Value=129000000
RCC.DIVQ1Freq_Value=275000000
RCC.DIVQ2Freq_Value=96000000
RCC.DIVQ3Freq_Value=129000000
RCC.DIVR1Freq_Value=275000000
RCC.DIVR2Freq_Value=96000000
RCC.DIVR3Freq_Value=129000000
RCC.FDCANFreq_Value=275000000
RCC.FMCFreq_Value=275000000
RCC.FamilyName=M
RCC.HCLK3ClockFreq_Value=275000000
RCC.HCLKFreq_Value=275000000
RCC.HPRE=RCC_HCLK_DIV2
RCC.I2C123Freq_Value=137500000
RCC.I2C4Freq_Value=137500000
RCC.IPParameters=ADCFreq_Value,AHB12Freq_Value,AHB4Freq_Value,APB1Freq_Value,APB2Freq_Value,APB3Freq_Value,APB4Freq_Value,AXIClockFreq_Value,CECFreq_Value,CKPERFreq_Value,CortexFreq_Value,CpuClockFreq_Value,D1CPREFreq_Value,D1PPRE,D2PPRE1,D2PPRE2,D3PPRE,DFSDMACLkFreq_Value,DFSDMFreq_Value,DIVM1,DIVM2,DIVN1,DIVN2,DIVP1,DIVP1Freq_Value,DIVP2Freq_Value,DIVP3Freq_Value,DIVQ1Freq_Value,DIVQ2Freq_Value,DIVQ3Freq_Value,DIVR1Freq_Value,DIVR2Freq_Value,DIVR3Freq_Value,FDCANFreq_Value,FMCFreq_Value,FamilyName,HCLK3ClockFreq_Value,HCLKFreq_Value,HPRE,I2C123Freq_Value,I2C4Freq_Value,LPTIM1Freq_Value,LPTIM2Freq_Value,LPTIM345Freq_Value,LPUART1Freq_Value,LTDCFreq_Value,MCO1PinFreq_Value,MCO2PinFreq_Value,PLL2FRACN,PLL3FRACN,PLLFRACN,QSPIFreq_Value,RNGFreq_Value,RTCFreq_Value,SAI1Freq_Value,SAI4AFreq_Value,SAI4BFreq_Value,SDMMCFreq_Value,SPDIFRXFreq_Value,SPI123Freq_Value,SPI45Freq_Value,SPI6Freq_Value,SWPMI1Freq_Value,SYSCLKFreq_VALUE,SYSCLKSource,Tim1OutputFreq_Value,Tim2OutputFreq_Value,TraceFreq_Value,USART16Freq_Value,USART234578Freq_Value,USBFreq_Value,VCO1OutputFreq_Value,VCO2OutputFreq_Value,VCO3OutputFreq_Value,VCOInput1Freq_Value,VCOInput2Freq_Value,VCOInput3Freq_Value
RCC.LPTIM1Freq_Value=137500000
RCC.LPTIM2Freq_Value=137500000
RCC.LPTIM345Freq_Value=137500000
RCC.LPUART1Freq_Value=137500000
RCC.LTDCFreq_Value=129000000
RCC.MCO1PinFreq_Value=64000000
RCC.MCO2PinFreq_Value=550000000
RCC.PLL2FRACN=0
RCC.PLL3FRACN=0
RCC.PLLFRACN=3072
RCC.QSPIFreq_Value=275000000
RCC.RNGFreq_Value=48000000
RCC.RTCFreq_Value=32000
RCC.SAI1Freq_Value=275000000
RCC.SAI4AFreq_Value=275000000
RCC.SAI4BFreq_Value=275000000
RCC.SDMMCFreq_Value=275000000
RCC.SPDIFRXFreq_Value=275000000
RCC.SPI123Freq_Value=275000000
RCC.SPI45Freq_Value=137500000
RCC.SPI6Freq_Value=137500000
RCC.SWPMI1Freq_Value=137500000
RCC.SYSCLKFreq_VALUE=550000000
RCC.SYSCLKSource=RCC_SYSCLKSOURCE_PLLCLK
RCC.Tim1OutputFreq_Value=275000000
RCC.Tim2OutputFreq_Value=275000000
RCC.TraceFreq_Value=64000000
RCC.USART16Freq_Value=137500000
RCC.USART234578Freq_Value=137500000
RCC.USBFreq_Value=275000000
RCC.VCO1OutputFreq_Value=550000000
RCC.VCO2OutputFreq_Value=192000000
RCC.VCO3OutputFreq_Value=258000000
RCC.VCOInput1Freq_Value=16000000
RCC.VCOInput2Freq_Value=16000000
RCC.VCOInput3Freq_Value=2000000
SH.ADCx_INP7.0=ADC1_INP7,IN7-Single-Ended
SH.ADCx_INP7.ConfNb=1
SH.ADCx_INP8.0=ADC1_INP8,IN8-Single-Ended
SH.ADCx_INP8.ConfNb=1
SH.S_TIM1_CH1.0=TIM1_CH1,PWM Generation1 CH1 CH1N
SH.S_TIM1_CH1.ConfNb=1
SH.S_TIM1_CH2.0=TIM1_CH2,PWM Generation2 CH2 CH2N
SH.S_TIM1_CH2.ConfNb=1
SH.S_TIM1_CH3.0=TIM1_CH3,PWM Generation3 CH3 CH3N
SH.S_TIM1_CH3.ConfNb=1
SPI6.CalculateBaudRate=68.75 MBits/s
SPI6.DataSize=SPI_DATASIZE_8BIT
SPI6.Direction=SPI_DIRECTION_2LINES_TXONLY
SPI6.FifoThreshold=SPI_FIFO_THRESHOLD_02DATA
SPI6.IPParameters=VirtualType,Mode,Direction,CalculateBaudRate,VirtualNSS,FifoThreshold,DataSize
SPI6.Mode=SPI_MODE_MASTER
SPI6.VirtualNSS=VM_NSSHARD
SPI6.VirtualType=VM_MASTER
TIM1.Channel-PWM\ Generation1\ CH1\ CH1N=TIM_CHANNEL_1
TIM1.Channel-PWM\ Generation2\ CH2\ CH2N=TIM_CHANNEL_2
TIM1.Channel-PWM\ Generation3\ CH3\ CH3N=TIM_CHANNEL_3
TIM1.Channel-PWM\ Generation4\ No\ Output=TIM_CHANNEL_4
TIM1.CounterMode=TIM_COUNTERMODE_CENTERALIGNED1
TIM1.IPParameters=CounterMode,Channel-PWM Generation4 No Output,Period,Channel-PWM Generation1 CH1 CH1N,Channel-PWM Generation2 CH2 CH2N,Channel-PWM Generation3 CH3 CH3N
TIM1.Period=CTL_PERIOD/2
USART1.IPParameters=VirtualMode-Asynchronous
USART1.VirtualMode-Asynchronous=VM_ASYNC
VP_OCTOSPI1_VS_quad.Mode=quad_mode
VP_OCTOSPI1_VS_quad.Signal=OCTOSPI1_VS_quad
VP_SYS_VS_Systick.Mode=SysTick
VP_SYS_VS_Systick.Signal=SYS_VS_Systick
VP_TIM1_VS_no_output4.Mode=PWM Generation4 No Output
VP_TIM1_VS_no_output4.Signal=TIM1_VS_no_output4
board=custom
